Microsoft Visual Studio Solution File, Format Version 12.00
# Visual Studio Version 17
VisualStudioVersion = 17.13.35828.75
MinimumVisualStudioVersion = 15.0.26730.12
Project("{FAE04EC0-301F-11D3-BF4B-00C04F79EFBC}") = "Invoicing", "Invoicing\Invoicing.csproj", "{B58159EB-9EFD-443F-A80E-8C90B0AF1907}"
EndProject
Project("{FAE04EC0-301F-11D3-BF4B-00C04F79EFBC}") = "Orders", "Orders\Orders.csproj", "{F49CF16F-1071-4B1A-BB12-C51C296B6B1F}"
EndProject
Project("{FAE04EC0-301F-11D3-BF4B-00C04F79EFBC}") = "Shared", "Shared\Shared.csproj", "{22F72E50-B86A-48A6-4252-6FDC98C636E8}"
EndProject
Project("{FAE04EC0-301F-11D3-BF4B-00C04F79EFBC}") = "Shared.Messages", "Shared.Messages\Shared.Messages.csproj", "{2A03E161-E63A-77AA-30B4-460DEDE3C87F}"
EndProject
Global
	GlobalSection(SolutionConfigurationPlatforms) = preSolution
		Debug|Any CPU = Debug|Any CPU
	EndGlobalSection
	GlobalSection(ProjectConfigurationPlatforms) = postSolution
		{B58159EB-9EFD-443F-A80E-8C90B0AF1907}.Debug|Any CPU.ActiveCfg = Debug|Any CPU
		{B58159EB-9EFD-443F-A80E-8C90B0AF1907}.Debug|Any CPU.Build.0 = Debug|Any CPU
		{F49CF16F-1071-4B1A-BB12-C51C296B6B1F}.Debug|Any CPU.ActiveCfg = Debug|Any CPU
		{F49CF16F-1071-4B1A-BB12-C51C296B6B1F}.Debug|Any CPU.Build.0 = Debug|Any CPU
		{22F72E50-B86A-48A6-4252-6FDC98C636E8}.Debug|Any CPU.ActiveCfg = Debug|Any CPU
		{22F72E50-B86A-48A6-4252-6FDC98C636E8}.Debug|Any CPU.Build.0 = Debug|Any CPU
		{2A03E161-E63A-77AA-30B4-460DEDE3C87F}.Debug|Any CPU.ActiveCfg = Debug|Any CPU
		{2A03E161-E63A-77AA-30B4-460DEDE3C87F}.Debug|Any CPU.Build.0 = Debug|Any CPU
	EndGlobalSection
	GlobalSection(SolutionProperties) = preSolution
		HideSolutionNode = FALSE
	EndGlobalSection
	GlobalSection(ExtensibilityGlobals) = postSolution
		SolutionGuid = {439E0201-6364-4BA4-BD21-B1AB9ABBCDD0}
	EndGlobalSection
EndGlobal
